github.com/davecgh/go-spew v1.1.1 h1:vj9j/u1bqnvCEfJOwUhtlOARqs3+rkHYY13jYWTU97c=
github.com/davecgh/go-spew v1.1.1/go.mod h1:J7Y8YcW2NihsgmVo/mv3lAwl/skON4iLHjSsI+c5H38=
github.com/go-delve/delve v1.25.2 h1:EI6EIWGKUEC7OVE5nfG2eQSv5xEgCRxO1+REB7FKCtE=
github.com/go-delve/delve v1.25.2/go.mod h1:sBjdpmDVpQd8nIMFldtqJZkk0RpGXrf8AAp5HeRi0CM=
